{
  "name": "imtihon",
  "lockfileVersion": 3,
  "requires": true,
  "packages": {
    "": {
      "dependencies": {
        "@types/toastify-js": "^1.12.3",
        "typescript-toastify": "^1.0.4"
      }
    },
    "node_modules/@types/toastify-js": {
      "version": "1.12.3",
      "resolved": "https://registry.npmjs.org/@types/toastify-js/-/toastify-js-1.12.3.tgz",
      "integrity": "sha512-9RjLlbAHMSaae/KZNHGv19VG4gcLIm3YjvacCXBtfMfYn26h76YP5oxXI8k26q4iKXCB9LNfv18lsoS0JnFPTg=="
    },
    "node_modules/typescript-toastify": {
      "version": "1.0.4",
      "resolved": "https://registry.npmjs.org/typescript-toastify/-/typescript-toastify-1.0.4.tgz",
      "integrity": "sha512-FSS3u4LJ6IaWd+S+y71K3qA1Gby0ZAblFM/KN5LVswG3et871BDqisSrtB0jUUVL/k06pnT4TEQHM9VQghFziw=="
    }
  }
}
